
Microsoft Visual Studio Solution File, Format Version 12.00
# Visual Studio Version 17
VisualStudioVersion = 17.5.33530.505
MinimumVisualStudioVersion = 10.0.40219.1
Project("{FAE04EC0-301F-11D3-BF4B-00C04F79EFBC}") = "Calculator", "Calculator\Calculator.csproj", "{33410874-7E36-4310-B863-72E2255C75B0}"
EndProject
Project("{FAE04EC0-301F-11D3-BF4B-00C04F79EFBC}") = "Calculator.Test", "Calculator.Test\Calculator.Test.csproj", "{B77494F5-13AF-4982-B23B-075CC5B91DDC}"
EndProject
Global
	GlobalSection(SolutionConfigurationPlatforms) = preSolution
		Debug|Any CPU = Debug|Any CPU
		Release|Any CPU = Release|Any CPU
	EndGlobalSection
	GlobalSection(ProjectConfigurationPlatforms) = postSolution
		{33410874-7E36-4310-B863-72E2255C75B0}.Debug|Any CPU.ActiveCfg = Debug|Any CPU
		{33410874-7E36-4310-B863-72E2255C75B0}.Debug|Any CPU.Build.0 = Debug|Any CPU
		{33410874-7E36-4310-B863-72E2255C75B0}.Release|Any CPU.ActiveCfg = Release|Any CPU
		{33410874-7E36-4310-B863-72E2255C75B0}.Release|Any CPU.Build.0 = Release|Any CPU
		{B77494F5-13AF-4982-B23B-075CC5B91DDC}.Debug|Any CPU.ActiveCfg = Debug|Any CPU
		{B77494F5-13AF-4982-B23B-075CC5B91DDC}.Debug|Any CPU.Build.0 = Debug|Any CPU
		{B77494F5-13AF-4982-B23B-075CC5B91DDC}.Release|Any CPU.ActiveCfg = Release|Any CPU
		{B77494F5-13AF-4982-B23B-075CC5B91DDC}.Release|Any CPU.Build.0 = Release|Any CPU
	EndGlobalSection
	GlobalSection(SolutionProperties) = preSolution
		HideSolutionNode = FALSE
	EndGlobalSection
	GlobalSection(ExtensibilityGlobals) = postSolution
		SolutionGuid = {A33DF07C-B42D-445D-872D-B9CBD743BBF1}
	EndGlobalSection
EndGlobal
